
Microsoft Visual Studio Solution File, Format Version 12.00
# Visual Studio Version 17
VisualStudioVersion = 17.10.34916.146
MinimumVisualStudioVersion = 10.0.40219.1
Project("{FAE04EC0-301F-11D3-BF4B-00C04F79EFBC}") = "Translator", "Translator\Translator.csproj", "{B937DFA8-1A7A-45C0-AF06-921038741A99}"
EndProject
Global
	GlobalSection(SolutionConfigurationPlatforms) = preSolution
		Debug|Any CPU = Debug|Any CPU
		Release|Any CPU = Release|Any CPU
	EndGlobalSection
	GlobalSection(ProjectConfigurationPlatforms) = postSolution
		{B937DFA8-1A7A-45C0-AF06-921038741A99}.Debug|Any CPU.ActiveCfg = Debug|Any CPU
		{B937DFA8-1A7A-45C0-AF06-921038741A99}.Debug|Any CPU.Build.0 = Debug|Any CPU
		{B937DFA8-1A7A-45C0-AF06-921038741A99}.Release|Any CPU.ActiveCfg = Release|Any CPU
		{B937DFA8-1A7A-45C0-AF06-921038741A99}.Release|Any CPU.Build.0 = Release|Any CPU
	EndGlobalSection
	GlobalSection(SolutionProperties) = preSolution
		HideSolutionNode = FALSE
	EndGlobalSection
	GlobalSection(ExtensibilityGlobals) = postSolution
		SolutionGuid = {7A685115-92B3-49A2-BB63-93DDFEA1B410}
	EndGlobalSection
EndGlobal
